
Microsoft Visual Studio Solution File, Format Version 12.00
# Visual Studio Version 17
VisualStudioVersion = 17.14.36705.20
MinimumVisualStudioVersion = 10.0.40219.1
Project("{FAE04EC0-301F-11D3-BF4B-00C04F79EFBC}") = "SqlHealthAssessment", "SqlHealthAssessment.csproj", "{2D866182-3B6A-FACD-5E32-60A829732FA2}"
EndProject
Global
	GlobalSection(SolutionConfigurationPlatforms) = preSolution
		Debug|Any CPU = Debug|Any CPU
		Debug|x64 = Debug|x64
		Release|Any CPU = Release|Any CPU
		Release|x64 = Release|x64
	EndGlobalSection
	GlobalSection(ProjectConfigurationPlatforms) = postSolution
		{2D866182-3B6A-FACD-5E32-60A829732FA2}.Debug|Any CPU.ActiveCfg = Debug|Any CPU
		{2D866182-3B6A-FACD-5E32-60A829732FA2}.Debug|Any CPU.Build.0 = Debug|Any CPU
		{2D866182-3B6A-FACD-5E32-60A829732FA2}.Debug|x64.ActiveCfg = Debug|x64
		{2D866182-3B6A-FACD-5E32-60A829732FA2}.Debug|x64.Build.0 = Debug|x64
		{2D866182-3B6A-FACD-5E32-60A829732FA2}.Release|Any CPU.ActiveCfg = Release|Any CPU
		{2D866182-3B6A-FACD-5E32-60A829732FA2}.Release|Any CPU.Build.0 = Release|Any CPU
		{2D866182-3B6A-FACD-5E32-60A829732FA2}.Release|x64.ActiveCfg = Release|x64
		{2D866182-3B6A-FACD-5E32-60A829732FA2}.Release|x64.Build.0 = Release|x64
	EndGlobalSection
	GlobalSection(SolutionProperties) = preSolution
		HideSolutionNode = FALSE
	EndGlobalSection
	GlobalSection(ExtensibilityGlobals) = postSolution
		SolutionGuid = {A9399473-056A-4117-AE13-556C5D57BAE5}
	EndGlobalSection
EndGlobal
